
Microsoft Visual Studio Solution File, Format Version 12.00
# Visual Studio 15
VisualStudioVersion = 15.0.28307.1433
MinimumVisualStudioVersion = 10.0.40219.1
Project("{FAE04EC0-301F-11D3-BF4B-00C04F79EFBC}") = "ExampleService", "ExampleService\ExampleService.csproj", "{330C04FA-D864-4F12-AC51-2F15672AAB7E}"
EndProject
Project("{FAE04EC0-301F-11D3-BF4B-00C04F79EFBC}") = "Database", "Database\Database.csproj", "{29F0F3B2-47E1-4467-89FB-83DDE720AC8C}"
EndProject
Project("{FAE04EC0-301F-11D3-BF4B-00C04F79EFBC}") = "EmailHandler", "EmailHandler\EmailHandler.csproj", "{81BE351F-93DB-4E26-9E6E-72989D7C8CB8}"
EndProject
Global
	GlobalSection(SolutionConfigurationPlatforms) = preSolution
		Debug|Any CPU = Debug|Any CPU
		Release|Any CPU = Release|Any CPU
	EndGlobalSection
	GlobalSection(ProjectConfigurationPlatforms) = postSolution
		{330C04FA-D864-4F12-AC51-2F15672AAB7E}.Debug|Any CPU.ActiveCfg = Debug|Any CPU
		{330C04FA-D864-4F12-AC51-2F15672AAB7E}.Debug|Any CPU.Build.0 = Debug|Any CPU
		{330C04FA-D864-4F12-AC51-2F15672AAB7E}.Release|Any CPU.ActiveCfg = Release|Any CPU
		{330C04FA-D864-4F12-AC51-2F15672AAB7E}.Release|Any CPU.Build.0 = Release|Any CPU
		{29F0F3B2-47E1-4467-89FB-83DDE720AC8C}.Debug|Any CPU.ActiveCfg = Debug|Any CPU
		{29F0F3B2-47E1-4467-89FB-83DDE720AC8C}.Debug|Any CPU.Build.0 = Debug|Any CPU
		{29F0F3B2-47E1-4467-89FB-83DDE720AC8C}.Release|Any CPU.ActiveCfg = Release|Any CPU
		{29F0F3B2-47E1-4467-89FB-83DDE720AC8C}.Release|Any CPU.Build.0 = Release|Any CPU
		{81BE351F-93DB-4E26-9E6E-72989D7C8CB8}.Debug|Any CPU.ActiveCfg = Debug|Any CPU
		{81BE351F-93DB-4E26-9E6E-72989D7C8CB8}.Debug|Any CPU.Build.0 = Debug|Any CPU
		{81BE351F-93DB-4E26-9E6E-72989D7C8CB8}.Release|Any CPU.ActiveCfg = Release|Any CPU
		{81BE351F-93DB-4E26-9E6E-72989D7C8CB8}.Release|Any CPU.Build.0 = Release|Any CPU
	EndGlobalSection
	GlobalSection(SolutionProperties) = preSolution
		HideSolutionNode = FALSE
	EndGlobalSection
	GlobalSection(ExtensibilityGlobals) = postSolution
		SolutionGuid = {4CBC0B84-4975-4E24-ABAC-F7CC8EA0D0D5}
	EndGlobalSection
EndGlobal
